// !$*UTF8*$!
{
	archiveVersion = 1;
	classes = {
	};
	objectVersion = 50;
	objects = {

/* Begin PBXBuildFile section */
		119376A92448A65F006C066D /* readFile.cpp in Sources */ = {isa = PBXBuildFile; fileRef = 119376A72448A65F006C066D /* readFile.cpp */; };
		119376AC2448A76B006C066D /* processAllele.cpp in Sources */ = {isa = PBXBuildFile; fileRef = 119376AA2448A76B006C066D /* processAllele.cpp */; };
		1193C1642447F41A00B0F6A9 /* alleleDiff.cpp in Sources */ = {isa = PBXBuildFile; fileRef = 1193C1632447F41A00B0F6A9 /* alleleDiff.cpp */; };
		1193C16C2447FE0500B0F6A9 /* normal.cpp in Sources */ = {isa = PBXBuildFile; fileRef = 1193C16B2447FE0500B0F6A9 /* normal.cpp */; };
/* End PBXBuildFile section */

/* Begin PBXCopyFilesBuildPhase section */
		1193C15E2447F41900B0F6A9 /* CopyFiles */ = {
			isa = PBXCopyFilesBuildPhase;
			buildActionMask = 2147483647;
			dstPath = /usr/share/man/man1/;
			dstSubfolderSpec = 0;
			files = (
			);
			runOnlyForDeploymentPostprocessing = 1;
		};
/* End PBXCopyFilesBuildPhase section */

/* Begin PBXFileReference section */
		119376A72448A65F006C066D /* readFile.cpp */ = {isa = PBXFileReference; lastKnownFileType = sourcecode.cpp.cpp; path = readFile.cpp; sourceTree = "<group>"; };
		119376A82448A65F006C066D /* readFile.hpp */ = {isa = PBXFileReference; lastKnownFileType = sourcecode.cpp.h; path = readFile.hpp; sourceTree = "<group>"; };
		119376AA2448A76B006C066D /* processAllele.cpp */ = {isa = PBXFileReference; lastKnownFileType = sourcecode.cpp.cpp; path = processAllele.cpp; sourceTree = "<group>"; };
		119376AB2448A76B006C066D /* processAllele.hpp */ = {isa = PBXFileReference; lastKnownFileType = sourcecode.cpp.h; path = processAllele.hpp; sourceTree = "<group>"; };
		1193C1602447F41A00B0F6A9 /* alleleDiff */ = {isa = PBXFileReference; explicitFileType = "compiled.mach-o.executable"; includeInIndex = 0; path = alleleDiff; sourceTree = BUILT_PRODUCTS_DIR; };
		1193C1632447F41A00B0F6A9 /* alleleDiff.cpp */ = {isa = PBXFileReference; lastKnownFileType = sourcecode.cpp.cpp; path = alleleDiff.cpp; sourceTree = "<group>"; };
		1193C16A2447FE0500B0F6A9 /* normal.h */ = {isa = PBXFileReference; fileEncoding = 4; lastKnownFileType = sourcecode.c.h; path = normal.h; sourceTree = "<group>"; };
		1193C16B2447FE0500B0F6A9 /* normal.cpp */ = {isa = PBXFileReference; fileEncoding = 4; lastKnownFileType = sourcecode.cpp.cpp; path = normal.cpp; sourceTree = "<group>"; };
/* End PBXFileReference section */

/* Begin PBXFrameworksBuildPhase section */
		1193C15D2447F41900B0F6A9 /* Frameworks */ = {
			isa = PBXFrameworksBuildPhase;
			buildActionMask = 2147483647;
			files = (
			);
			runOnlyForDeploymentPostprocessing = 0;
		};
/* End PBXFrameworksBuildPhase section */

/* Begin PBXGroup section */
		1193C1572447F41900B0F6A9 = {
			isa = PBXGroup;
			children = (
				1193C1622447F41A00B0F6A9 /* alleleDiff */,
				1193C1612447F41A00B0F6A9 /* Products */,
			);
			sourceTree = "<group>";
		};
		1193C1612447F41A00B0F6A9 /* Products */ = {
			isa = PBXGroup;
			children = (
				1193C1602447F41A00B0F6A9 /* alleleDiff */,
			);
			name = Products;
			sourceTree = "<group>";
		};
		1193C1622447F41A00B0F6A9 /* alleleDiff */ = {
			isa = PBXGroup;
			children = (
				1193C16B2447FE0500B0F6A9 /* normal.cpp */,
				1193C16A2447FE0500B0F6A9 /* normal.h */,
				1193C1632447F41A00B0F6A9 /* alleleDiff.cpp */,
				119376A72448A65F006C066D /* readFile.cpp */,
				119376A82448A65F006C066D /* readFile.hpp */,
				119376AA2448A76B006C066D /* processAllele.cpp */,
				119376AB2448A76B006C066D /* processAllele.hpp */,
			);
			path = alleleDiff;
			sourceTree = "<group>";
		};
/* End PBXGroup section */

/* Begin PBXNativeTarget section */
		1193C15F2447F41900B0F6A9 /* alleleDiff */ = {
			isa = PBXNativeTarget;
			buildConfigurationList = 1193C1672447F41A00B0F6A9 /* Build configuration list for PBXNativeTarget "alleleDiff" */;
			buildPhases = (
				1193C15C2447F41900B0F6A9 /* Sources */,
				1193C15D2447F41900B0F6A9 /* Frameworks */,
				1193C15E2447F41900B0F6A9 /* CopyFiles */,
			);
			buildRules = (
			);
			dependencies = (
			);
			name = alleleDiff;
			productName = alleleDiff;
			productReference = 1193C1602447F41A00B0F6A9 /* alleleDiff */;
			productType = "com.apple.product-type.tool";
		};
/* End PBXNativeTarget section */

/* Begin PBXProject section */
		1193C1582447F41900B0F6A9 /* Project object */ = {
			isa = PBXProject;
			attributes = {
				LastUpgradeCheck = 1140;
				ORGANIZATIONNAME = "Gang Peng";
				TargetAttributes = {
					1193C15F2447F41900B0F6A9 = {
						CreatedOnToolsVersion = 11.4;
					};
				};
			};
			buildConfigurationList = 1193C15B2447F41900B0F6A9 /* Build configuration list for PBXProject "alleleDiff" */;
			compatibilityVersion = "Xcode 9.3";
			developmentRegion = en;
			hasScannedForEncodings = 0;
			knownRegions = (
				en,
				Base,
			);
			mainGroup = 1193C1572447F41900B0F6A9;
			productRefGroup = 1193C1612447F41A00B0F6A9 /* Products */;
			projectDirPath = "";
			projectRoot = "";
			targets = (
				1193C15F2447F41900B0F6A9 /* alleleDiff */,
			);
		};
/* End PBXProject section */

/* Begin PBXSourcesBuildPhase section */
		1193C15C2447F41900B0F6A9 /* Sources */ = {
			isa = PBXSourcesBuildPhase;
			buildActionMask = 2147483647;
			files = (
				119376AC2448A76B006C066D /* processAllele.cpp in Sources */,
				119376A92448A65F006C066D /* readFile.cpp in Sources */,
				1193C16C2447FE0500B0F6A9 /* normal.cpp in Sources */,
				1193C1642447F41A00B0F6A9 /* alleleDiff.cpp in Sources */,
			);
			runOnlyForDeploymentPostprocessing = 0;
		};
/* End PBXSourcesBuildPhase section */

/* Begin XCBuildConfiguration section */
		1193C1652447F41A00B0F6A9 /* Debug */ = {
			isa = XCBuildConfiguration;
			buildSettings = {
				ALWAYS_SEARCH_USER_PATHS = NO;
				CLANG_ANALYZER_NONNULL = YES;
				CLANG_ANALYZER_NUMBER_OBJECT_CONVERSION = YES_AGGRESSIVE;
				CLANG_CXX_LANGUAGE_STANDARD = "gnu++14";
				CLANG_CXX_LIBRARY = "libc++";
				CLANG_ENABLE_MODULES = YES;
				CLANG_ENABLE_OBJC_ARC = YES;
				CLANG_ENABLE_OBJC_WEAK = YES;
				CLANG_WARN_BLOCK_CAPTURE_AUTORELEASING = YES;
				CLANG_WARN_BOOL_CONVERSION = YES;
				CLANG_WARN_COMMA = YES;
				CLANG_WARN_CONSTANT_CONVERSION = YES;
				CLANG_WARN_DEPRECATED_OBJC_IMPLEMENTATIONS = YES;
				CLANG_WARN_DIRECT_OBJC_ISA_USAGE = YES_ERROR;
				CLANG_WARN_DOCUMENTATION_COMMENTS = YES;
				CLANG_WARN_EMPTY_BODY = YES;
				CLANG_WARN_ENUM_CONVERSION = YES;
				CLANG_WARN_INFINITE_RECURSION = YES;
				CLANG_WARN_INT_CONVERSION = YES;
				CLANG_WARN_NON_LITERAL_NULL_CONVERSION = YES;
				CLANG_WARN_OBJC_IMPLICIT_RETAIN_SELF = YES;
				CLANG_WARN_OBJC_LITERAL_CONVERSION = YES;
				CLANG_WARN_OBJC_ROOT_CLASS = YES_ERROR;
				CLANG_WARN_RANGE_LOOP_ANALYSIS = YES;
				CLANG_WARN_STRICT_PROTOTYPES = YES;
				CLANG_WARN_SUSPICIOUS_MOVE = YES;
				CLANG_WARN_UNGUARDED_AVAILABILITY = YES_AGGRESSIVE;
				CLANG_WARN_UNREACHABLE_CODE = YES;
				CLANG_WARN__DUPLICATE_METHOD_MATCH = YES;
				COPY_PHASE_STRIP = NO;
				DEBUG_INFORMATION_FORMAT = dwarf;
				ENABLE_STRICT_OBJC_MSGSEND = YES;
				ENABLE_TESTABILITY = YES;
				GCC_C_LANGUAGE_STANDARD = gnu11;
				GCC_DYNAMIC_NO_PIC = NO;
				GCC_NO_COMMON_BLOCKS = YES;
				GCC_OPTIMIZATION_LEVEL = 0;
				GCC_PREPROCESSOR_DEFINITIONS = (
					"DEBUG=1",
					"$(inherited)",
				);
				GCC_WARN_64_TO_32_BIT_CONVERSION = YES;
				GCC_WARN_ABOUT_RETURN_TYPE = YES_ERROR;
				GCC_WARN_UNDECLARED_SELECTOR = YES;
				GCC_WARN_UNINITIALIZED_AUTOS = YES_AGGRESSIVE;
				GCC_WARN_UNUSED_FUNCTION = YES;
				GCC_WARN_UNUSED_VARIABLE = YES;
				MACOSX_DEPLOYMENT_TARGET = 10.15;
				MTL_ENABLE_DEBUG_INFO = INCLUDE_SOURCE;
				MTL_FAST_MATH = YES;
				ONLY_ACTIVE_ARCH = YES;
				SDKROOT = macosx;
			};
			name = Debug;
		};
		1193C1662447F41A00B0F6A9 /* Release */ = {
			isa = XCBuildConfiguration;
			buildSettings = {
				ALWAYS_SEARCH_USER_PATHS = NO;
				CLANG_ANALYZER_NONNULL = YES;
				CLANG_ANALYZER_NUMBER_OBJECT_CONVERSION = YES_AGGRESSIVE;
				CLANG_CXX_LANGUAGE_STANDARD = "gnu++14";
				CLANG_CXX_LIBRARY = "libc++";
				CLANG_ENABLE_MODULES = YES;
				CLANG_ENABLE_OBJC_ARC = YES;
				CLANG_ENABLE_OBJC_WEAK = YES;
				CLANG_WARN_BLOCK_CAPTURE_AUTORELEASING = YES;
				CLANG_WARN_BOOL_CONVERSION = YES;
				CLANG_WARN_COMMA = YES;
				CLANG_WARN_CONSTANT_CONVERSION = YES;
				CLANG_WARN_DEPRECATED_OBJC_IMPLEMENTATIONS = YES;
				CLANG_WARN_DIRECT_OBJC_ISA_USAGE = YES_ERROR;
				CLANG_WARN_DOCUMENTATION_COMMENTS = YES;
				CLANG_WARN_EMPTY_BODY = YES;
				CLANG_WARN_ENUM_CONVERSION = YES;
				CLANG_WARN_INFINITE_RECURSION = YES;
				CLANG_WARN_INT_CONVERSION = YES;
				CLANG_WARN_NON_LITERAL_NULL_CONVERSION = YES;
				CLANG_WARN_OBJC_IMPLICIT_RETAIN_SELF = YES;
				CLANG_WARN_OBJC_LITERAL_CONVERSION = YES;
				CLANG_WARN_OBJC_ROOT_CLASS = YES_ERROR;
				CLANG_WARN_RANGE_LOOP_ANALYSIS = YES;
				CLANG_WARN_STRICT_PROTOTYPES = YES;
				CLANG_WARN_SUSPICIOUS_MOVE = YES;
				CLANG_WARN_UNGUARDED_AVAILABILITY = YES_AGGRESSIVE;
				CLANG_WARN_UNREACHABLE_CODE = YES;
				CLANG_WARN__DUPLICATE_METHOD_MATCH = YES;
				COPY_PHASE_STRIP = NO;
				DEBUG_INFORMATION_FORMAT = "dwarf-with-dsym";
				ENABLE_NS_ASSERTIONS = NO;
				ENABLE_STRICT_OBJC_MSGSEND = YES;
				GCC_C_LANGUAGE_STANDARD = gnu11;
				GCC_NO_COMMON_BLOCKS = YES;
				GCC_WARN_64_TO_32_BIT_CONVERSION = YES;
				GCC_WARN_ABOUT_RETURN_TYPE = YES_ERROR;
				GCC_WARN_UNDECLARED_SELECTOR = YES;
				GCC_WARN_UNINITIALIZED_AUTOS = YES_AGGRESSIVE;
				GCC_WARN_UNUSED_FUNCTION = YES;
				GCC_WARN_UNUSED_VARIABLE = YES;
				MACOSX_DEPLOYMENT_TARGET = 10.15;
				MTL_ENABLE_DEBUG_INFO = NO;
				MTL_FAST_MATH = YES;
				SDKROOT = macosx;
			};
			name = Release;
		};
		1193C1682447F41A00B0F6A9 /* Debug */ = {
			isa = XCBuildConfiguration;
			buildSettings = {
				CODE_SIGN_STYLE = Automatic;
				PRODUCT_NAME = "$(TARGET_NAME)";
			};
			name = Debug;
		};
		1193C1692447F41A00B0F6A9 /* Release */ = {
			isa = XCBuildConfiguration;
			buildSettings = {
				CODE_SIGN_STYLE = Automatic;
				PRODUCT_NAME = "$(TARGET_NAME)";
			};
			name = Release;
		};
/* End XCBuildConfiguration section */

/* Begin XCConfigurationList section */
		1193C15B2447F41900B0F6A9 /* Build configuration list for PBXProject "alleleDiff" */ = {
			isa = XCConfigurationList;
			buildConfigurations = (
				1193C1652447F41A00B0F6A9 /* Debug */,
				1193C1662447F41A00B0F6A9 /* Release */,
			);
			defaultConfigurationIsVisible = 0;
			defaultConfigurationName = Release;
		};
		1193C1672447F41A00B0F6A9 /* Build configuration list for PBXNativeTarget "alleleDiff" */ = {
			isa = XCConfigurationList;
			buildConfigurations = (
				1193C1682447F41A00B0F6A9 /* Debug */,
				1193C1692447F41A00B0F6A9 /* Release */,
			);
			defaultConfigurationIsVisible = 0;
			defaultConfigurationName = Release;
		};
/* End XCConfigurationList section */
	};
	rootObject = 1193C1582447F41900B0F6A9 /* Project object */;
}
